// !$*UTF8*$!
{
	archiveVersion = 1;
	classes = {
	};
	objectVersion = 56;
	objects = {

/* Begin PBXBuildFile section */
		928DDAF62C1CE32E00868CE1 /* BudgetViewCell.swift in Sources */ = {isa = PBXBuildFile; fileRef = 928DDAF42C1CE32E00868CE1 /* BudgetViewCell.swift */; };
		928DDAF72C1CE32E00868CE1 /* BudgetViewCell.xib in Resources */ = {isa = PBXBuildFile; fileRef = 928DDAF52C1CE32E00868CE1 /* BudgetViewCell.xib */; };
		928DDAFA2C1CE60E00868CE1 /* BudgetItemCell.swift in Sources */ = {isa = PBXBuildFile; fileRef = 928DDAF82C1CE60E00868CE1 /* BudgetItemCell.swift */; };
		928DDAFB2C1CE60E00868CE1 /* BudgetItemCell.xib in Resources */ = {isa = PBXBuildFile; fileRef = 928DDAF92C1CE60E00868CE1 /* BudgetItemCell.xib */; };
		928DDAFD2C1CEB6700868CE1 /* UITableView.swift in Sources */ = {isa = PBXBuildFile; fileRef = 928DDAFC2C1CEB6700868CE1 /* UITableView.swift */; };
		928DDB012C1CEFE200868CE1 /* HomeViewController.swift in Sources */ = {isa = PBXBuildFile; fileRef = 928DDAFF2C1CEFE200868CE1 /* HomeViewController.swift */; };
		928DDB022C1CEFE200868CE1 /* HomeViewController.xib in Resources */ = {isa = PBXBuildFile; fileRef = 928DDB002C1CEFE200868CE1 /* HomeViewController.xib */; };
		928DDB062C1CF43D00868CE1 /* WorkoutViewController.swift in Sources */ = {isa = PBXBuildFile; fileRef = 928DDB042C1CF43D00868CE1 /* WorkoutViewController.swift */; };
		928DDB072C1CF43D00868CE1 /* WorkoutViewController.xib in Resources */ = {isa = PBXBuildFile; fileRef = 928DDB052C1CF43D00868CE1 /* WorkoutViewController.xib */; };
		928DDB0D2C1D673500868CE1 /* WorkoutCell.swift in Sources */ = {isa = PBXBuildFile; fileRef = 928DDB0B2C1D673500868CE1 /* WorkoutCell.swift */; };
		928DDB0E2C1D673500868CE1 /* WorkoutCell.xib in Resources */ = {isa = PBXBuildFile; fileRef = 928DDB0C2C1D673500868CE1 /* WorkoutCell.xib */; };
		928DDB122C1D743800868CE1 /* MapViewController.swift in Sources */ = {isa = PBXBuildFile; fileRef = 928DDB102C1D743800868CE1 /* MapViewController.swift */; };
		928DDB132C1D743800868CE1 /* MapViewController.xib in Resources */ = {isa = PBXBuildFile; fileRef = 928DDB112C1D743800868CE1 /* MapViewController.xib */; };
		928DDB1B2C1D7B2D00868CE1 /* HotelsViewController.swift in Sources */ = {isa = PBXBuildFile; fileRef = 928DDB192C1D7B2D00868CE1 /* HotelsViewController.swift */; };
		928DDB1C2C1D7B2D00868CE1 /* HotelsViewController.xib in Resources */ = {isa = PBXBuildFile; fileRef = 928DDB1A2C1D7B2D00868CE1 /* HotelsViewController.xib */; };
		928DDB222C1D966700868CE1 /* HotelViewCell.swift in Sources */ = {isa = PBXBuildFile; fileRef = 928DDB202C1D966700868CE1 /* HotelViewCell.swift */; };
		928DDB232C1D966700868CE1 /* HotelViewCell.xib in Resources */ = {isa = PBXBuildFile; fileRef = 928DDB212C1D966700868CE1 /* HotelViewCell.xib */; };
		92C55E322C1B3CAA003D8022 /* AppDelegate.swift in Sources */ = {isa = PBXBuildFile; fileRef = 92C55E312C1B3CAA003D8022 /* AppDelegate.swift */; };
		92C55E3B2C1B3CAC003D8022 /* Assets.xcassets in Resources */ = {isa = PBXBuildFile; fileRef = 92C55E3A2C1B3CAC003D8022 /* Assets.xcassets */; };
		92C55E3E2C1B3CAC003D8022 /* LaunchScreen.storyboard in Resources */ = {isa = PBXBuildFile; fileRef = 92C55E3C2C1B3CAC003D8022 /* LaunchScreen.storyboard */; };
		92C55E472C1B3D98003D8022 /* TabbarController.swift in Sources */ = {isa = PBXBuildFile; fileRef = 92C55E452C1B3D98003D8022 /* TabbarController.swift */; };
		92C55E482C1B3D98003D8022 /* TabbarController.xib in Resources */ = {isa = PBXBuildFile; fileRef = 92C55E462C1B3D98003D8022 /* TabbarController.xib */; };
		92C55E4E2C1B56FB003D8022 /* PlanViewController.swift in Sources */ = {isa = PBXBuildFile; fileRef = 92C55E4C2C1B56FB003D8022 /* PlanViewController.swift */; };
		92C55E4F2C1B56FB003D8022 /* PlanViewController.xib in Resources */ = {isa = PBXBuildFile; fileRef = 92C55E4D2C1B56FB003D8022 /* PlanViewController.xib */; };
		92C55E532C1B69FC003D8022 /* Images.swift in Sources */ = {isa = PBXBuildFile; fileRef = 92C55E522C1B69FC003D8022 /* Images.swift */; };
		92C55E772C1B8F16003D8022 /* AchievementViewController.swift in Sources */ = {isa = PBXBuildFile; fileRef = 92C55E752C1B8F16003D8022 /* AchievementViewController.swift */; };
		92C55E782C1B8F16003D8022 /* AchievementViewController.xib in Resources */ = {isa = PBXBuildFile; fileRef = 92C55E762C1B8F16003D8022 /* AchievementViewController.xib */; };
		92C55E7C2C1CBCB2003D8022 /* TopViewCell.swift in Sources */ = {isa = PBXBuildFile; fileRef = 92C55E7A2C1CBCB2003D8022 /* TopViewCell.swift */; };
		92C55E7D2C1CBCB2003D8022 /* TopViewCell.xib in Resources */ = {isa = PBXBuildFile; fileRef = 92C55E7B2C1CBCB2003D8022 /* TopViewCell.xib */; };
		92C55E802C1CC577003D8022 /* TopCollectionCell.swift in Sources */ = {isa = PBXBuildFile; fileRef = 92C55E7E2C1CC577003D8022 /* TopCollectionCell.swift */; };
		92C55E812C1CC577003D8022 /* TopCollectionCell.xib in Resources */ = {isa = PBXBuildFile; fileRef = 92C55E7F2C1CC577003D8022 /* TopCollectionCell.xib */; };
		92C55E842C1CD1D6003D8022 /* GoalViewCell.swift in Sources */ = {isa = PBXBuildFile; fileRef = 92C55E822C1CD1D6003D8022 /* GoalViewCell.swift */; };
		92C55E852C1CD1D6003D8022 /* GoalViewCell.xib in Resources */ = {isa = PBXBuildFile; fileRef = 92C55E832C1CD1D6003D8022 /* GoalViewCell.xib */; };
		92C55E882C1CD617003D8022 /* GoalCollectionCell.swift in Sources */ = {isa = PBXBuildFile; fileRef = 92C55E862C1CD617003D8022 /* GoalCollectionCell.swift */; };
		92C55E892C1CD617003D8022 /* GoalCollectionCell.xib in Resources */ = {isa = PBXBuildFile; fileRef = 92C55E872C1CD617003D8022 /* GoalCollectionCell.xib */; };
/* End PBXBuildFile section */

/* Begin PBXFileReference section */
		928DDAF42C1CE32E00868CE1 /* BudgetViewCell.swift */ = {isa = PBXFileReference; lastKnownFileType = sourcecode.swift; path = BudgetViewCell.swift; sourceTree = "<group>"; };
		928DDAF52C1CE32E00868CE1 /* BudgetViewCell.xib */ = {isa = PBXFileReference; lastKnownFileType = file.xib; path = BudgetViewCell.xib; sourceTree = "<group>"; };
		928DDAF82C1CE60E00868CE1 /* BudgetItemCell.swift */ = {isa = PBXFileReference; lastKnownFileType = sourcecode.swift; path = BudgetItemCell.swift; sourceTree = "<group>"; };
		928DDAF92C1CE60E00868CE1 /* BudgetItemCell.xib */ = {isa = PBXFileReference; lastKnownFileType = file.xib; path = BudgetItemCell.xib; sourceTree = "<group>"; };
		928DDAFC2C1CEB6700868CE1 /* UITableView.swift */ = {isa = PBXFileReference; lastKnownFileType = sourcecode.swift; path = UITableView.swift; sourceTree = "<group>"; };
		928DDAFF2C1CEFE200868CE1 /* HomeViewController.swift */ = {isa = PBXFileReference; lastKnownFileType = sourcecode.swift; path = HomeViewController.swift; sourceTree = "<group>"; };
		928DDB002C1CEFE200868CE1 /* HomeViewController.xib */ = {isa = PBXFileReference; lastKnownFileType = file.xib; path = HomeViewController.xib; sourceTree = "<group>"; };
		928DDB042C1CF43D00868CE1 /* WorkoutViewController.swift */ = {isa = PBXFileReference; lastKnownFileType = sourcecode.swift; path = WorkoutViewController.swift; sourceTree = "<group>"; };
		928DDB052C1CF43D00868CE1 /* WorkoutViewController.xib */ = {isa = PBXFileReference; lastKnownFileType = file.xib; path = WorkoutViewController.xib; sourceTree = "<group>"; };
		928DDB0B2C1D673500868CE1 /* WorkoutCell.swift */ = {isa = PBXFileReference; lastKnownFileType = sourcecode.swift; path = WorkoutCell.swift; sourceTree = "<group>"; };
		928DDB0C2C1D673500868CE1 /* WorkoutCell.xib */ = {isa = PBXFileReference; lastKnownFileType = file.xib; path = WorkoutCell.xib; sourceTree = "<group>"; };
		928DDB102C1D743800868CE1 /* MapViewController.swift */ = {isa = PBXFileReference; lastKnownFileType = sourcecode.swift; path = MapViewController.swift; sourceTree = "<group>"; };
		928DDB112C1D743800868CE1 /* MapViewController.xib */ = {isa = PBXFileReference; lastKnownFileType = file.xib; path = MapViewController.xib; sourceTree = "<group>"; };
		928DDB192C1D7B2D00868CE1 /* HotelsViewController.swift */ = {isa = PBXFileReference; lastKnownFileType = sourcecode.swift; path = HotelsViewController.swift; sourceTree = "<group>"; };
		928DDB1A2C1D7B2D00868CE1 /* HotelsViewController.xib */ = {isa = PBXFileReference; lastKnownFileType = file.xib; path = HotelsViewController.xib; sourceTree = "<group>"; };
		928DDB202C1D966700868CE1 /* HotelViewCell.swift */ = {isa = PBXFileReference; lastKnownFileType = sourcecode.swift; path = HotelViewCell.swift; sourceTree = "<group>"; };
		928DDB212C1D966700868CE1 /* HotelViewCell.xib */ = {isa = PBXFileReference; lastKnownFileType = file.xib; path = HotelViewCell.xib; sourceTree = "<group>"; };
		92C55E2E2C1B3CAA003D8022 /* iOS_UI_Assignment.app */ = {isa = PBXFileReference; explicitFileType = wrapper.application; includeInIndex = 0; path = iOS_UI_Assignment.app; sourceTree = BUILT_PRODUCTS_DIR; };
		92C55E312C1B3CAA003D8022 /* AppDelegate.swift */ = {isa = PBXFileReference; lastKnownFileType = sourcecode.swift; path = AppDelegate.swift; sourceTree = "<group>"; };
		92C55E3A2C1B3CAC003D8022 /* Assets.xcassets */ = {isa = PBXFileReference; lastKnownFileType = folder.assetcatalog; path = Assets.xcassets; sourceTree = "<group>"; };
		92C55E3D2C1B3CAC003D8022 /* Base */ = {isa = PBXFileReference; lastKnownFileType = file.storyboard; name = Base; path = Base.lproj/LaunchScreen.storyboard; sourceTree = "<group>"; };
		92C55E3F2C1B3CAC003D8022 /* Info.plist */ = {isa = PBXFileReference; lastKnownFileType = text.plist.xml; path = Info.plist; sourceTree = "<group>"; };
		92C55E452C1B3D98003D8022 /* TabbarController.swift */ = {isa = PBXFileReference; lastKnownFileType = sourcecode.swift; path = TabbarController.swift; sourceTree = "<group>"; };
		92C55E462C1B3D98003D8022 /* TabbarController.xib */ = {isa = PBXFileReference; lastKnownFileType = file.xib; path = TabbarController.xib; sourceTree = "<group>"; };
		92C55E4C2C1B56FB003D8022 /* PlanViewController.swift */ = {isa = PBXFileReference; lastKnownFileType = sourcecode.swift; path = PlanViewController.swift; sourceTree = "<group>"; };
		92C55E4D2C1B56FB003D8022 /* PlanViewController.xib */ = {isa = PBXFileReference; lastKnownFileType = file.xib; path = PlanViewController.xib; sourceTree = "<group>"; };
		92C55E522C1B69FC003D8022 /* Images.swift */ = {isa = PBXFileReference; lastKnownFileType = sourcecode.swift; path = Images.swift; sourceTree = "<group>"; };
		92C55E752C1B8F16003D8022 /* AchievementViewController.swift */ = {isa = PBXFileReference; lastKnownFileType = sourcecode.swift; path = AchievementViewController.swift; sourceTree = "<group>"; };
		92C55E762C1B8F16003D8022 /* AchievementViewController.xib */ = {isa = PBXFileReference; lastKnownFileType = file.xib; path = AchievementViewController.xib; sourceTree = "<group>"; };
		92C55E7A2C1CBCB2003D8022 /* TopViewCell.swift */ = {isa = PBXFileReference; lastKnownFileType = sourcecode.swift; path = TopViewCell.swift; sourceTree = "<group>"; };
		92C55E7B2C1CBCB2003D8022 /* TopViewCell.xib */ = {isa = PBXFileReference; lastKnownFileType = file.xib; path = TopViewCell.xib; sourceTree = "<group>"; };
		92C55E7E2C1CC577003D8022 /* TopCollectionCell.swift */ = {isa = PBXFileReference; lastKnownFileType = sourcecode.swift; path = TopCollectionCell.swift; sourceTree = "<group>"; };
		92C55E7F2C1CC577003D8022 /* TopCollectionCell.xib */ = {isa = PBXFileReference; lastKnownFileType = file.xib; path = TopCollectionCell.xib; sourceTree = "<group>"; };
		92C55E822C1CD1D6003D8022 /* GoalViewCell.swift */ = {isa = PBXFileReference; lastKnownFileType = sourcecode.swift; path = GoalViewCell.swift; sourceTree = "<group>"; };
		92C55E832C1CD1D6003D8022 /* GoalViewCell.xib */ = {isa = PBXFileReference; lastKnownFileType = file.xib; path = GoalViewCell.xib; sourceTree = "<group>"; };
		92C55E862C1CD617003D8022 /* GoalCollectionCell.swift */ = {isa = PBXFileReference; lastKnownFileType = sourcecode.swift; path = GoalCollectionCell.swift; sourceTree = "<group>"; };
		92C55E872C1CD617003D8022 /* GoalCollectionCell.xib */ = {isa = PBXFileReference; lastKnownFileType = file.xib; path = GoalCollectionCell.xib; sourceTree = "<group>"; };
/* End PBXFileReference section */

/* Begin PBXFrameworksBuildPhase section */
		92C55E2B2C1B3CAA003D8022 /* Frameworks */ = {
			isa = PBXFrameworksBuildPhase;
			buildActionMask = 2147483647;
			files = (
			);
			runOnlyForDeploymentPostprocessing = 0;
		};
/* End PBXFrameworksBuildPhase section */

/* Begin PBXGroup section */
		928DDAFE2C1CEFAE00868CE1 /* Home */ = {
			isa = PBXGroup;
			children = (
				928DDAFF2C1CEFE200868CE1 /* HomeViewController.swift */,
				928DDB002C1CEFE200868CE1 /* HomeViewController.xib */,
			);
			path = Home;
			sourceTree = "<group>";
		};
		928DDB032C1CF42200868CE1 /* Workout */ = {
			isa = PBXGroup;
			children = (
				928DDB082C1D640000868CE1 /* Cell */,
				928DDB042C1CF43D00868CE1 /* WorkoutViewController.swift */,
				928DDB052C1CF43D00868CE1 /* WorkoutViewController.xib */,
			);
			path = Workout;
			sourceTree = "<group>";
		};
		928DDB082C1D640000868CE1 /* Cell */ = {
			isa = PBXGroup;
			children = (
				928DDB0B2C1D673500868CE1 /* WorkoutCell.swift */,
				928DDB0C2C1D673500868CE1 /* WorkoutCell.xib */,
			);
			path = Cell;
			sourceTree = "<group>";
		};
		928DDB0F2C1D742100868CE1 /* Hotels */ = {
			isa = PBXGroup;
			children = (
				928DDB1D2C1D963D00868CE1 /* Cell */,
				928DDB102C1D743800868CE1 /* MapViewController.swift */,
				928DDB112C1D743800868CE1 /* MapViewController.xib */,
				928DDB192C1D7B2D00868CE1 /* HotelsViewController.swift */,
				928DDB1A2C1D7B2D00868CE1 /* HotelsViewController.xib */,
			);
			path = Hotels;
			sourceTree = "<group>";
		};
		928DDB182C1D787500868CE1 /* Custom */ = {
			isa = PBXGroup;
			children = (
				928DDAFC2C1CEB6700868CE1 /* UITableView.swift */,
			);
			path = Custom;
			sourceTree = "<group>";
		};
		928DDB1D2C1D963D00868CE1 /* Cell */ = {
			isa = PBXGroup;
			children = (
				928DDB202C1D966700868CE1 /* HotelViewCell.swift */,
				928DDB212C1D966700868CE1 /* HotelViewCell.xib */,
			);
			path = Cell;
			sourceTree = "<group>";
		};
		92C55E252C1B3CAA003D8022 = {
			isa = PBXGroup;
			children = (
				92C55E302C1B3CAA003D8022 /* iOS_UI_Assignment */,
				92C55E2F2C1B3CAA003D8022 /* Products */,
			);
			sourceTree = "<group>";
		};
		92C55E2F2C1B3CAA003D8022 /* Products */ = {
			isa = PBXGroup;
			children = (
				92C55E2E2C1B3CAA003D8022 /* iOS_UI_Assignment.app */,
			);
			name = Products;
			sourceTree = "<group>";
		};
		92C55E302C1B3CAA003D8022 /* iOS_UI_Assignment */ = {
			isa = PBXGroup;
			children = (
				92C55E502C1B69DD003D8022 /* Utilities */,
				92C55E492C1B5487003D8022 /* Controllers */,
				92C55E312C1B3CAA003D8022 /* AppDelegate.swift */,
				92C55E3A2C1B3CAC003D8022 /* Assets.xcassets */,
				92C55E3C2C1B3CAC003D8022 /* LaunchScreen.storyboard */,
				92C55E3F2C1B3CAC003D8022 /* Info.plist */,
			);
			path = iOS_UI_Assignment;
			sourceTree = "<group>";
		};
		92C55E492C1B5487003D8022 /* Controllers */ = {
			isa = PBXGroup;
			children = (
				928DDB0F2C1D742100868CE1 /* Hotels */,
				928DDB032C1CF42200868CE1 /* Workout */,
				928DDAFE2C1CEFAE00868CE1 /* Home */,
				92C55E742C1B8EED003D8022 /* Achievement */,
				92C55E4B2C1B54C5003D8022 /* Plan */,
				92C55E4A2C1B549B003D8022 /* Tabbar */,
			);
			path = Controllers;
			sourceTree = "<group>";
		};
		92C55E4A2C1B549B003D8022 /* Tabbar */ = {
			isa = PBXGroup;
			children = (
				92C55E452C1B3D98003D8022 /* TabbarController.swift */,
				92C55E462C1B3D98003D8022 /* TabbarController.xib */,
			);
			path = Tabbar;
			sourceTree = "<group>";
		};
		92C55E4B2C1B54C5003D8022 /* Plan */ = {
			isa = PBXGroup;
			children = (
				92C55E792C1CBC3B003D8022 /* Cell */,
				92C55E4C2C1B56FB003D8022 /* PlanViewController.swift */,
				92C55E4D2C1B56FB003D8022 /* PlanViewController.xib */,
			);
			path = Plan;
			sourceTree = "<group>";
		};
		92C55E502C1B69DD003D8022 /* Utilities */ = {
			isa = PBXGroup;
			children = (
				928DDB182C1D787500868CE1 /* Custom */,
				92C55E512C1B69EB003D8022 /* Constants */,
			);
			path = Utilities;
			sourceTree = "<group>";
		};
		92C55E512C1B69EB003D8022 /* Constants */ = {
			isa = PBXGroup;
			children = (
				92C55E522C1B69FC003D8022 /* Images.swift */,
			);
			path = Constants;
			sourceTree = "<group>";
		};
		92C55E742C1B8EED003D8022 /* Achievement */ = {
			isa = PBXGroup;
			children = (
				92C55E752C1B8F16003D8022 /* AchievementViewController.swift */,
				92C55E762C1B8F16003D8022 /* AchievementViewController.xib */,
			);
			path = Achievement;
			sourceTree = "<group>";
		};
		92C55E792C1CBC3B003D8022 /* Cell */ = {
			isa = PBXGroup;
			children = (
				92C55E7A2C1CBCB2003D8022 /* TopViewCell.swift */,
				92C55E7B2C1CBCB2003D8022 /* TopViewCell.xib */,
				92C55E7E2C1CC577003D8022 /* TopCollectionCell.swift */,
				92C55E7F2C1CC577003D8022 /* TopCollectionCell.xib */,
				92C55E822C1CD1D6003D8022 /* GoalViewCell.swift */,
				92C55E832C1CD1D6003D8022 /* GoalViewCell.xib */,
				92C55E862C1CD617003D8022 /* GoalCollectionCell.swift */,
				92C55E872C1CD617003D8022 /* GoalCollectionCell.xib */,
				928DDAF42C1CE32E00868CE1 /* BudgetViewCell.swift */,
				928DDAF52C1CE32E00868CE1 /* BudgetViewCell.xib */,
				928DDAF82C1CE60E00868CE1 /* BudgetItemCell.swift */,
				928DDAF92C1CE60E00868CE1 /* BudgetItemCell.xib */,
			);
			path = Cell;
			sourceTree = "<group>";
		};
/* End PBXGroup section */

/* Begin PBXNativeTarget section */
		92C55E2D2C1B3CAA003D8022 /* iOS_UI_Assignment */ = {
			isa = PBXNativeTarget;
			buildConfigurationList = 92C55E422C1B3CAC003D8022 /* Build configuration list for PBXNativeTarget "iOS_UI_Assignment" */;
			buildPhases = (
				92C55E2A2C1B3CAA003D8022 /* Sources */,
				92C55E2B2C1B3CAA003D8022 /* Frameworks */,
				92C55E2C2C1B3CAA003D8022 /* Resources */,
			);
			buildRules = (
			);
			dependencies = (
			);
			name = iOS_UI_Assignment;
			productName = iOS_UI_Assignment;
			productReference = 92C55E2E2C1B3CAA003D8022 /* iOS_UI_Assignment.app */;
			productType = "com.apple.product-type.application";
		};
/* End PBXNativeTarget section */

/* Begin PBXProject section */
		92C55E262C1B3CAA003D8022 /* Project object */ = {
			isa = PBXProject;
			attributes = {
				BuildIndependentTargetsInParallel = 1;
				LastSwiftUpdateCheck = 1500;
				LastUpgradeCheck = 1500;
				TargetAttributes = {
					92C55E2D2C1B3CAA003D8022 = {
						CreatedOnToolsVersion = 15.0.1;
					};
				};
			};
			buildConfigurationList = 92C55E292C1B3CAA003D8022 /* Build configuration list for PBXProject "iOS_UI_Assignment" */;
			compatibilityVersion = "Xcode 14.0";
			developmentRegion = en;
			hasScannedForEncodings = 0;
			knownRegions = (
				en,
				Base,
			);
			mainGroup = 92C55E252C1B3CAA003D8022;
			productRefGroup = 92C55E2F2C1B3CAA003D8022 /* Products */;
			projectDirPath = "";
			projectRoot = "";
			targets = (
				92C55E2D2C1B3CAA003D8022 /* iOS_UI_Assignment */,
			);
		};
/* End PBXProject section */

/* Begin PBXResourcesBuildPhase section */
		92C55E2C2C1B3CAA003D8022 /* Resources */ = {
			isa = PBXResourcesBuildPhase;
			buildActionMask = 2147483647;
			files = (
				92C55E482C1B3D98003D8022 /* TabbarController.xib in Resources */,
				928DDB0E2C1D673500868CE1 /* WorkoutCell.xib in Resources */,
				92C55E3E2C1B3CAC003D8022 /* LaunchScreen.storyboard in Resources */,
				92C55E7D2C1CBCB2003D8022 /* TopViewCell.xib in Resources */,
				928DDB072C1CF43D00868CE1 /* WorkoutViewController.xib in Resources */,
				92C55E782C1B8F16003D8022 /* AchievementViewController.xib in Resources */,
				928DDB232C1D966700868CE1 /* HotelViewCell.xib in Resources */,
				928DDAFB2C1CE60E00868CE1 /* BudgetItemCell.xib in Resources */,
				928DDB1C2C1D7B2D00868CE1 /* HotelsViewController.xib in Resources */,
				92C55E3B2C1B3CAC003D8022 /* Assets.xcassets in Resources */,
				92C55E4F2C1B56FB003D8022 /* PlanViewController.xib in Resources */,
				92C55E892C1CD617003D8022 /* GoalCollectionCell.xib in Resources */,
				928DDAF72C1CE32E00868CE1 /* BudgetViewCell.xib in Resources */,
				92C55E812C1CC577003D8022 /* TopCollectionCell.xib in Resources */,
				92C55E852C1CD1D6003D8022 /* GoalViewCell.xib in Resources */,
				928DDB132C1D743800868CE1 /* MapViewController.xib in Resources */,
				928DDB022C1CEFE200868CE1 /* HomeViewController.xib in Resources */,
			);
			runOnlyForDeploymentPostprocessing = 0;
		};
/* End PBXResourcesBuildPhase section */

/* Begin PBXSourcesBuildPhase section */
		92C55E2A2C1B3CAA003D8022 /* Sources */ = {
			isa = PBXSourcesBuildPhase;
			buildActionMask = 2147483647;
			files = (
				92C55E472C1B3D98003D8022 /* TabbarController.swift in Sources */,
				928DDAFA2C1CE60E00868CE1 /* BudgetItemCell.swift in Sources */,
				928DDB062C1CF43D00868CE1 /* WorkoutViewController.swift in Sources */,
				92C55E532C1B69FC003D8022 /* Images.swift in Sources */,
				92C55E882C1CD617003D8022 /* GoalCollectionCell.swift in Sources */,
				928DDB222C1D966700868CE1 /* HotelViewCell.swift in Sources */,
				92C55E802C1CC577003D8022 /* TopCollectionCell.swift in Sources */,
				928DDB0D2C1D673500868CE1 /* WorkoutCell.swift in Sources */,
				928DDAFD2C1CEB6700868CE1 /* UITableView.swift in Sources */,
				92C55E842C1CD1D6003D8022 /* GoalViewCell.swift in Sources */,
				92C55E322C1B3CAA003D8022 /* AppDelegate.swift in Sources */,
				92C55E4E2C1B56FB003D8022 /* PlanViewController.swift in Sources */,
				928DDB1B2C1D7B2D00868CE1 /* HotelsViewController.swift in Sources */,
				92C55E7C2C1CBCB2003D8022 /* TopViewCell.swift in Sources */,
				92C55E772C1B8F16003D8022 /* AchievementViewController.swift in Sources */,
				928DDB012C1CEFE200868CE1 /* HomeViewController.swift in Sources */,
				928DDAF62C1CE32E00868CE1 /* BudgetViewCell.swift in Sources */,
				928DDB122C1D743800868CE1 /* MapViewController.swift in Sources */,
			);
			runOnlyForDeploymentPostprocessing = 0;
		};
/* End PBXSourcesBuildPhase section */

/* Begin PBXVariantGroup section */
		92C55E3C2C1B3CAC003D8022 /* LaunchScreen.storyboard */ = {
			isa = PBXVariantGroup;
			children = (
				92C55E3D2C1B3CAC003D8022 /* Base */,
			);
			name = LaunchScreen.storyboard;
			sourceTree = "<group>";
		};
/* End PBXVariantGroup section */

/* Begin XCBuildConfiguration section */
		92C55E402C1B3CAC003D8022 /* Debug */ = {
			isa = XCBuildConfiguration;
			buildSettings = {
				ALWAYS_SEARCH_USER_PATHS = NO;
				ASSETCATALOG_COMPILER_GENERATE_SWIFT_ASSET_SYMBOL_EXTENSIONS = YES;
				CLANG_ANALYZER_NONNULL = YES;
				CLANG_ANALYZER_NUMBER_OBJECT_CONVERSION = YES_AGGRESSIVE;
				CLANG_CXX_LANGUAGE_STANDARD = "gnu++20";
				CLANG_ENABLE_MODULES = YES;
				CLANG_ENABLE_OBJC_ARC = YES;
				CLANG_ENABLE_OBJC_WEAK = YES;
				CLANG_WARN_BLOCK_CAPTURE_AUTORELEASING = YES;
				CLANG_WARN_BOOL_CONVERSION = YES;
				CLANG_WARN_COMMA = YES;
				CLANG_WARN_CONSTANT_CONVERSION = YES;
				CLANG_WARN_DEPRECATED_OBJC_IMPLEMENTATIONS = YES;
				CLANG_WARN_DIRECT_OBJC_ISA_USAGE = YES_ERROR;
				CLANG_WARN_DOCUMENTATION_COMMENTS = YES;
				CLANG_WARN_EMPTY_BODY = YES;
				CLANG_WARN_ENUM_CONVERSION = YES;
				CLANG_WARN_INFINITE_RECURSION = YES;
				CLANG_WARN_INT_CONVERSION = YES;
				CLANG_WARN_NON_LITERAL_NULL_CONVERSION = YES;
				CLANG_WARN_OBJC_IMPLICIT_RETAIN_SELF = YES;
				CLANG_WARN_OBJC_LITERAL_CONVERSION = YES;
				CLANG_WARN_OBJC_ROOT_CLASS = YES_ERROR;
				CLANG_WARN_QUOTED_INCLUDE_IN_FRAMEWORK_HEADER = YES;
				CLANG_WARN_RANGE_LOOP_ANALYSIS = YES;
				CLANG_WARN_STRICT_PROTOTYPES = YES;
				CLANG_WARN_SUSPICIOUS_MOVE = YES;
				CLANG_WARN_UNGUARDED_AVAILABILITY = YES_AGGRESSIVE;
				CLANG_WARN_UNREACHABLE_CODE = YES;
				CLANG_WARN__DUPLICATE_METHOD_MATCH = YES;
				COPY_PHASE_STRIP = NO;
				DEBUG_INFORMATION_FORMAT = dwarf;
				ENABLE_STRICT_OBJC_MSGSEND = YES;
				ENABLE_TESTABILITY = YES;
				ENABLE_USER_SCRIPT_SANDBOXING = YES;
				GCC_C_LANGUAGE_STANDARD = gnu17;
				GCC_DYNAMIC_NO_PIC = NO;
				GCC_NO_COMMON_BLOCKS = YES;
				GCC_OPTIMIZATION_LEVEL = 0;
				GCC_PREPROCESSOR_DEFINITIONS = (
					"DEBUG=1",
					"$(inherited)",
				);
				GCC_WARN_64_TO_32_BIT_CONVERSION = YES;
				GCC_WARN_ABOUT_RETURN_TYPE = YES_ERROR;
				GCC_WARN_UNDECLARED_SELECTOR = YES;
				GCC_WARN_UNINITIALIZED_AUTOS = YES_AGGRESSIVE;
				GCC_WARN_UNUSED_FUNCTION = YES;
				GCC_WARN_UNUSED_VARIABLE = YES;
				IPHONEOS_DEPLOYMENT_TARGET = 17.0;
				LOCALIZATION_PREFERS_STRING_CATALOGS = YES;
				MTL_ENABLE_DEBUG_INFO = INCLUDE_SOURCE;
				MTL_FAST_MATH = YES;
				ONLY_ACTIVE_ARCH = YES;
				SDKROOT = iphoneos;
				SWIFT_ACTIVE_COMPILATION_CONDITIONS = "DEBUG $(inherited)";
				SWIFT_OPTIMIZATION_LEVEL = "-Onone";
			};
			name = Debug;
		};
		92C55E412C1B3CAC003D8022 /* Release */ = {
			isa = XCBuildConfiguration;
			buildSettings = {
				ALWAYS_SEARCH_USER_PATHS = NO;
				ASSETCATALOG_COMPILER_GENERATE_SWIFT_ASSET_SYMBOL_EXTENSIONS = YES;
				CLANG_ANALYZER_NONNULL = YES;
				CLANG_ANALYZER_NUMBER_OBJECT_CONVERSION = YES_AGGRESSIVE;
				CLANG_CXX_LANGUAGE_STANDARD = "gnu++20";
				CLANG_ENABLE_MODULES = YES;
				CLANG_ENABLE_OBJC_ARC = YES;
				CLANG_ENABLE_OBJC_WEAK = YES;
				CLANG_WARN_BLOCK_CAPTURE_AUTORELEASING = YES;
				CLANG_WARN_BOOL_CONVERSION = YES;
				CLANG_WARN_COMMA = YES;
				CLANG_WARN_CONSTANT_CONVERSION = YES;
				CLANG_WARN_DEPRECATED_OBJC_IMPLEMENTATIONS = YES;
				CLANG_WARN_DIRECT_OBJC_ISA_USAGE = YES_ERROR;
				CLANG_WARN_DOCUMENTATION_COMMENTS = YES;
				CLANG_WARN_EMPTY_BODY = YES;
				CLANG_WARN_ENUM_CONVERSION = YES;
				CLANG_WARN_INFINITE_RECURSION = YES;
				CLANG_WARN_INT_CONVERSION = YES;
				CLANG_WARN_NON_LITERAL_NULL_CONVERSION = YES;
				CLANG_WARN_OBJC_IMPLICIT_RETAIN_SELF = YES;
				CLANG_WARN_OBJC_LITERAL_CONVERSION = YES;
				CLANG_WARN_OBJC_ROOT_CLASS = YES_ERROR;
				CLANG_WARN_QUOTED_INCLUDE_IN_FRAMEWORK_HEADER = YES;
				CLANG_WARN_RANGE_LOOP_ANALYSIS = YES;
				CLANG_WARN_STRICT_PROTOTYPES = YES;
				CLANG_WARN_SUSPICIOUS_MOVE = YES;
				CLANG_WARN_UNGUARDED_AVAILABILITY = YES_AGGRESSIVE;
				CLANG_WARN_UNREACHABLE_CODE = YES;
				CLANG_WARN__DUPLICATE_METHOD_MATCH = YES;
				COPY_PHASE_STRIP = NO;
				DEBUG_INFORMATION_FORMAT = "dwarf-with-dsym";
				ENABLE_NS_ASSERTIONS = NO;
				ENABLE_STRICT_OBJC_MSGSEND = YES;
				ENABLE_USER_SCRIPT_SANDBOXING = YES;
				GCC_C_LANGUAGE_STANDARD = gnu17;
				GCC_NO_COMMON_BLOCKS = YES;
				GCC_WARN_64_TO_32_BIT_CONVERSION = YES;
				GCC_WARN_ABOUT_RETURN_TYPE = YES_ERROR;
				GCC_WARN_UNDECLARED_SELECTOR = YES;
				GCC_WARN_UNINITIALIZED_AUTOS = YES_AGGRESSIVE;
				GCC_WARN_UNUSED_FUNCTION = YES;
				GCC_WARN_UNUSED_VARIABLE = YES;
				IPHONEOS_DEPLOYMENT_TARGET = 17.0;
				LOCALIZATION_PREFERS_STRING_CATALOGS = YES;
				MTL_ENABLE_DEBUG_INFO = NO;
				MTL_FAST_MATH = YES;
				SDKROOT = iphoneos;
				SWIFT_COMPILATION_MODE = wholemodule;
				VALIDATE_PRODUCT = YES;
			};
			name = Release;
		};
		92C55E432C1B3CAC003D8022 /* Debug */ = {
			isa = XCBuildConfiguration;
			buildSettings = {
				ASSETCATALOG_COMPILER_APPICON_NAME = AppIcon;
				ASSETCATALOG_COMPILER_GLOBAL_ACCENT_COLOR_NAME = AccentColor;
				CODE_SIGN_STYLE = Automatic;
				CURRENT_PROJECT_VERSION = 1;
				DEVELOPMENT_TEAM = YXJ34R3H89;
				GENERATE_INFOPLIST_FILE = YES;
				INFOPLIST_FILE = iOS_UI_Assignment/Info.plist;
				INFOPLIST_KEY_UIApplicationSupportsIndirectInputEvents = YES;
				INFOPLIST_KEY_UILaunchStoryboardName = LaunchScreen;
				INFOPLIST_KEY_UIMainStoryboardFile = "";
				INFOPLIST_KEY_UISupportedInterfaceOrientations = "UIInterfaceOrientationLandscapeLeft UIInterfaceOrientationLandscapeRight UIInterfaceOrientationPortrait";
				INFOPLIST_KEY_UISupportedInterfaceOrientations_iPad = "UIInterfaceOrientationLandscapeLeft UIInterfaceOrientationPortrait UIInterfaceOrientationPortraitUpsideDown";
				LD_RUNPATH_SEARCH_PATHS = (
					"$(inherited)",
					"@executable_path/Frameworks",
				);
				MARKETING_VERSION = 1.0;
				PRODUCT_BUNDLE_IDENTIFIER = "com.bhushan.iOS-UI-Assignment";
				PRODUCT_NAME = "$(TARGET_NAME)";
				SWIFT_EMIT_LOC_STRINGS = YES;
				SWIFT_VERSION = 5.0;
				TARGETED_DEVICE_FAMILY = "1,2";
			};
			name = Debug;
		};
		92C55E442C1B3CAC003D8022 /* Release */ = {
			isa = XCBuildConfiguration;
			buildSettings = {
				ASSETCATALOG_COMPILER_APPICON_NAME = AppIcon;
				ASSETCATALOG_COMPILER_GLOBAL_ACCENT_COLOR_NAME = AccentColor;
				CODE_SIGN_STYLE = Automatic;
				CURRENT_PROJECT_VERSION = 1;
				DEVELOPMENT_TEAM = YXJ34R3H89;
				GENERATE_INFOPLIST_FILE = YES;
				INFOPLIST_FILE = iOS_UI_Assignment/Info.plist;
				INFOPLIST_KEY_UIApplicationSupportsIndirectInputEvents = YES;
				INFOPLIST_KEY_UILaunchStoryboardName = LaunchScreen;
				INFOPLIST_KEY_UIMainStoryboardFile = "";
				INFOPLIST_KEY_UISupportedInterfaceOrientations = "UIInterfaceOrientationLandscapeLeft UIInterfaceOrientationLandscapeRight UIInterfaceOrientationPortrait";
				INFOPLIST_KEY_UISupportedInterfaceOrientations_iPad = "UIInterfaceOrientationLandscapeLeft UIInterfaceOrientationPortrait UIInterfaceOrientationPortraitUpsideDown";
				LD_RUNPATH_SEARCH_PATHS = (
					"$(inherited)",
					"@executable_path/Frameworks",
				);
				MARKETING_VERSION = 1.0;
				PRODUCT_BUNDLE_IDENTIFIER = "com.bhushan.iOS-UI-Assignment";
				PRODUCT_NAME = "$(TARGET_NAME)";
				SWIFT_EMIT_LOC_STRINGS = YES;
				SWIFT_VERSION = 5.0;
				TARGETED_DEVICE_FAMILY = "1,2";
			};
			name = Release;
		};
/* End XCBuildConfiguration section */

/* Begin XCConfigurationList section */
		92C55E292C1B3CAA003D8022 /* Build configuration list for PBXProject "iOS_UI_Assignment" */ = {
			isa = XCConfigurationList;
			buildConfigurations = (
				92C55E402C1B3CAC003D8022 /* Debug */,
				92C55E412C1B3CAC003D8022 /* Release */,
			);
			defaultConfigurationIsVisible = 0;
			defaultConfigurationName = Release;
		};
		92C55E422C1B3CAC003D8022 /* Build configuration list for PBXNativeTarget "iOS_UI_Assignment" */ = {
			isa = XCConfigurationList;
			buildConfigurations = (
				92C55E432C1B3CAC003D8022 /* Debug */,
				92C55E442C1B3CAC003D8022 /* Release */,
			);
			defaultConfigurationIsVisible = 0;
			defaultConfigurationName = Release;
		};
/* End XCConfigurationList section */
	};
	rootObject = 92C55E262C1B3CAA003D8022 /* Project object */;
}
